
Microsoft Visual Studio Solution File, Format Version 12.00
# Visual Studio Version 17
VisualStudioVersion = 17.4.33213.308
MinimumVisualStudioVersion = 10.0.40219.1
Project("{9A19103F-16F7-4668-BE54-9A1E7A4F7556}") = "Models", "Models\Models.csproj", "{C86D7FFD-D545-4DCD-815D-264ADEC6E053}"
EndProject
Project("{9A19103F-16F7-4668-BE54-9A1E7A4F7556}") = "BackEnd", "BackEnd\BackEnd.csproj", "{DE7D3357-B4B2-4180-8262-70D89042C6BD}"
EndProject
Global
	GlobalSection(SolutionConfigurationPlatforms) = preSolution
		Debug|Any CPU = Debug|Any CPU
		Release|Any CPU = Release|Any CPU
	EndGlobalSection
	GlobalSection(ProjectConfigurationPlatforms) = postSolution
		{C86D7FFD-D545-4DCD-815D-264ADEC6E053}.Debug|Any CPU.ActiveCfg = Debug|Any CPU
		{C86D7FFD-D545-4DCD-815D-264ADEC6E053}.Debug|Any CPU.Build.0 = Debug|Any CPU
		{C86D7FFD-D545-4DCD-815D-264ADEC6E053}.Release|Any CPU.ActiveCfg = Release|Any CPU
		{C86D7FFD-D545-4DCD-815D-264ADEC6E053}.Release|Any CPU.Build.0 = Release|Any CPU
		{DE7D3357-B4B2-4180-8262-70D89042C6BD}.Debug|Any CPU.ActiveCfg = Debug|Any CPU
		{DE7D3357-B4B2-4180-8262-70D89042C6BD}.Debug|Any CPU.Build.0 = Debug|Any CPU
		{DE7D3357-B4B2-4180-8262-70D89042C6BD}.Release|Any CPU.ActiveCfg = Release|Any CPU
		{DE7D3357-B4B2-4180-8262-70D89042C6BD}.Release|Any CPU.Build.0 = Release|Any CPU
	EndGlobalSection
	GlobalSection(SolutionProperties) = preSolution
		HideSolutionNode = FALSE
	EndGlobalSection
	GlobalSection(ExtensibilityGlobals) = postSolution
		SolutionGuid = {6B598411-F3E6-45B5-A228-3BD3C8E09309}
	EndGlobalSection
EndGlobal
